{
  "version": "5",
  "specifiers": {
    "jsr:@hono/hono@^4.12.23": "4.12.23",
    "jsr:@std/assert@1": "1.0.13",
    "jsr:@std/internal@^1.0.6": "1.0.9"
  },
  "jsr": {
    "@hono/hono@4.12.23": {
      "integrity": "9d9f3da498f69c311b5f92d973eb3b8ebc973b5fd2b4972781b556e07818a745"
    },
    "@std/assert@1.0.13": {
      "integrity": "ae0d31e41919b12c656c742b22522c32fb26ed0cba32975cb0de2a273cb68b29",
      "dependencies": [
        "jsr:@std/internal"
      ]
    },
    "@std/internal@1.0.9": {
      "integrity": "bdfb97f83e4db7a13e8faab26fb1958d1b80cc64366501af78a0aee151696eb8"
    }
  },
  "workspace": {
    "dependencies": [
      "jsr:@std/assert@1"
    ],
    "members": {
      "packages/server": {
        "dependencies": [
          "jsr:@hono/hono@^4.12.23"
        ]
      }
    }
  }
}
